// !$*UTF8*$!
{
	archiveVersion = 1;
	classes = {
	};
	objectVersion = 46;
	objects = {

/* Begin PBXBuildFile section */
		F18D917F1D938F3D00971036 /* AppDelegate.swift in Sources */ = {isa = PBXBuildFile; fileRef = F18D917E1D938F3D00971036 /* AppDelegate.swift */; };
		F18D91811D938F3D00971036 /* ViewController.swift in Sources */ = {isa = PBXBuildFile; fileRef = F18D91801D938F3D00971036 /* ViewController.swift */; };
		F18D91841D938F3D00971036 /* Main.storyboard in Resources */ = {isa = PBXBuildFile; fileRef = F18D91821D938F3D00971036 /* Main.storyboard */; };
		F18D91861D938F3D00971036 /* Assets.xcassets in Resources */ = {isa = PBXBuildFile; fileRef = F18D91851D938F3D00971036 /* Assets.xcassets */; };
		F18D91891D938F3D00971036 /* LaunchScreen.storyboard in Resources */ = {isa = PBXBuildFile; fileRef = F18D91871D938F3D00971036 /* LaunchScreen.storyboard */; };
		F18D91921D93DBDA00971036 /* UIAlertControllerExtension.swift in Sources */ = {isa = PBXBuildFile; fileRef = F18D91911D93DBDA00971036 /* UIAlertControllerExtension.swift */; };
		F18D91961D93E4DA00971036 /* name.jpg in Resources */ = {isa = PBXBuildFile; fileRef = F18D91951D93E4DA00971036 /* name.jpg */; };
		F18D91A61D93FAFF00971036 /* UserNotifications.framework in Frameworks */ = {isa = PBXBuildFile; fileRef = F18D91A51D93FAFF00971036 /* UserNotifications.framework */; };
		F18D91A81D93FAFF00971036 /* UserNotificationsUI.framework in Frameworks */ = {isa = PBXBuildFile; fileRef = F18D91A71D93FAFF00971036 /* UserNotificationsUI.framework */; };
		F18D91AB1D93FAFF00971036 /* NotificationViewController.swift in Sources */ = {isa = PBXBuildFile; fileRef = F18D91AA1D93FAFF00971036 /* NotificationViewController.swift */; };
		F18D91AE1D93FAFF00971036 /* MainInterface.storyboard in Resources */ = {isa = PBXBuildFile; fileRef = F18D91AC1D93FAFF00971036 /* MainInterface.storyboard */; };
		F18D91B21D93FAFF00971036 /* NotificationContent.appex in Embed App Extensions */ = {isa = PBXBuildFile; fileRef = F18D91A31D93FAFF00971036 /* NotificationContent.appex */; settings = {ATTRIBUTES = (RemoveHeadersOnCopy, ); }; };
		F18D91CC1D94009D00971036 /* image.jpg in Resources */ = {isa = PBXBuildFile; fileRef = F18D91CB1D94009D00971036 /* image.jpg */; };
/* End PBXBuildFile section */

/* Begin PBXContainerItemProxy section */
		F18D91B01D93FAFF00971036 /* PBXContainerItemProxy */ = {
			isa = PBXContainerItemProxy;
			containerPortal = F18D91731D938F3D00971036 /* Project object */;
			proxyType = 1;
			remoteGlobalIDString = F18D91A21D93FAFF00971036;
			remoteInfo = NotificationContent;
		};
/* End PBXContainerItemProxy section */

/* Begin PBXCopyFilesBuildPhase section */
		F18D91B61D93FAFF00971036 /* Embed App Extensions */ = {
			isa = PBXCopyFilesBuildPhase;
			buildActionMask = 2147483647;
			dstPath = "";
			dstSubfolderSpec = 13;
			files = (
				F18D91B21D93FAFF00971036 /* NotificationContent.appex in Embed App Extensions */,
			);
			name = "Embed App Extensions";
			runOnlyForDeploymentPostprocessing = 0;
		};
/* End PBXCopyFilesBuildPhase section */

/* Begin PBXFileReference section */
		F18D917B1D938F3D00971036 /* NotificationSampleiOS10.app */ = {isa = PBXFileReference; explicitFileType = wrapper.application; includeInIndex = 0; path = NotificationSampleiOS10.app; sourceTree = BUILT_PRODUCTS_DIR; };
		F18D917E1D938F3D00971036 /* AppDelegate.swift */ = {isa = PBXFileReference; lastKnownFileType = sourcecode.swift; path = AppDelegate.swift; sourceTree = "<group>"; };
		F18D91801D938F3D00971036 /* ViewController.swift */ = {isa = PBXFileReference; lastKnownFileType = sourcecode.swift; path = ViewController.swift; sourceTree = "<group>"; };
		F18D91831D938F3D00971036 /* Base */ = {isa = PBXFileReference; lastKnownFileType = file.storyboard; name = Base; path = Base.lproj/Main.storyboard; sourceTree = "<group>"; };
		F18D91851D938F3D00971036 /* Assets.xcassets */ = {isa = PBXFileReference; lastKnownFileType = folder.assetcatalog; path = Assets.xcassets; sourceTree = "<group>"; };
		F18D91881D938F3D00971036 /* Base */ = {isa = PBXFileReference; lastKnownFileType = file.storyboard; name = Base; path = Base.lproj/LaunchScreen.storyboard; sourceTree = "<group>"; };
		F18D918A1D938F3D00971036 /* Info.plist */ = {isa = PBXFileReference; lastKnownFileType = text.plist.xml; path = Info.plist; sourceTree = "<group>"; };
		F18D91911D93DBDA00971036 /* UIAlertControllerExtension.swift */ = {isa = PBXFileReference; fileEncoding = 4; lastKnownFileType = sourcecode.swift; path = UIAlertControllerExtension.swift; sourceTree = "<group>"; };
		F18D91951D93E4DA00971036 /* name.jpg */ = {isa = PBXFileReference; lastKnownFileType = image.jpeg; path = name.jpg; sourceTree = "<group>"; };
		F18D91A31D93FAFF00971036 /* NotificationContent.appex */ = {isa = PBXFileReference; explicitFileType = "wrapper.app-extension"; includeInIndex = 0; path = NotificationContent.appex; sourceTree = BUILT_PRODUCTS_DIR; };
		F18D91A51D93FAFF00971036 /* UserNotifications.framework */ = {isa = PBXFileReference; lastKnownFileType = wrapper.framework; name = UserNotifications.framework; path = System/Library/Frameworks/UserNotifications.framework; sourceTree = SDKROOT; };
		F18D91A71D93FAFF00971036 /* UserNotificationsUI.framework */ = {isa = PBXFileReference; lastKnownFileType = wrapper.framework; name = UserNotificationsUI.framework; path = System/Library/Frameworks/UserNotificationsUI.framework; sourceTree = SDKROOT; };
		F18D91AA1D93FAFF00971036 /* NotificationViewController.swift */ = {isa = PBXFileReference; lastKnownFileType = sourcecode.swift; path = NotificationViewController.swift; sourceTree = "<group>"; };
		F18D91AD1D93FAFF00971036 /* Base */ = {isa = PBXFileReference; lastKnownFileType = file.storyboard; name = Base; path = Base.lproj/MainInterface.storyboard; sourceTree = "<group>"; };
		F18D91AF1D93FAFF00971036 /* Info.plist */ = {isa = PBXFileReference; lastKnownFileType = text.plist.xml; path = Info.plist; sourceTree = "<group>"; };
		F18D91CB1D94009D00971036 /* image.jpg */ = {isa = PBXFileReference; lastKnownFileType = image.jpeg; path = image.jpg; sourceTree = "<group>"; };
/* End PBXFileReference section */

/* Begin PBXFrameworksBuildPhase section */
		F18D91781D938F3D00971036 /* Frameworks */ = {
			isa = PBXFrameworksBuildPhase;
			buildActionMask = 2147483647;
			files = (
			);
			runOnlyForDeploymentPostprocessing = 0;
		};
		F18D91A01D93FAFF00971036 /* Frameworks */ = {
			isa = PBXFrameworksBuildPhase;
			buildActionMask = 2147483647;
			files = (
				F18D91A81D93FAFF00971036 /* UserNotificationsUI.framework in Frameworks */,
				F18D91A61D93FAFF00971036 /* UserNotifications.framework in Frameworks */,
			);
			runOnlyForDeploymentPostprocessing = 0;
		};
/* End PBXFrameworksBuildPhase section */

/* Begin PBXGroup section */
		F18D91721D938F3D00971036 = {
			isa = PBXGroup;
			children = (
				F18D917D1D938F3D00971036 /* NotificationSampleiOS10 */,
				F18D91A91D93FAFF00971036 /* NotificationContent */,
				F18D91A41D93FAFF00971036 /* Frameworks */,
				F18D917C1D938F3D00971036 /* Products */,
			);
			sourceTree = "<group>";
		};
		F18D917C1D938F3D00971036 /* Products */ = {
			isa = PBXGroup;
			children = (
				F18D917B1D938F3D00971036 /* NotificationSampleiOS10.app */,
				F18D91A31D93FAFF00971036 /* NotificationContent.appex */,
			);
			name = Products;
			sourceTree = "<group>";
		};
		F18D917D1D938F3D00971036 /* NotificationSampleiOS10 */ = {
			isa = PBXGroup;
			children = (
				F18D91951D93E4DA00971036 /* name.jpg */,
				F18D91CB1D94009D00971036 /* image.jpg */,
				F18D91901D93DB7600971036 /* Extensions */,
				F18D917E1D938F3D00971036 /* AppDelegate.swift */,
				F18D91801D938F3D00971036 /* ViewController.swift */,
				F18D91821D938F3D00971036 /* Main.storyboard */,
				F18D91851D938F3D00971036 /* Assets.xcassets */,
				F18D91871D938F3D00971036 /* LaunchScreen.storyboard */,
				F18D918A1D938F3D00971036 /* Info.plist */,
			);
			path = NotificationSampleiOS10;
			sourceTree = "<group>";
		};
		F18D91901D93DB7600971036 /* Extensions */ = {
			isa = PBXGroup;
			children = (
				F18D91911D93DBDA00971036 /* UIAlertControllerExtension.swift */,
			);
			name = Extensions;
			path = ..;
			sourceTree = "<group>";
		};
		F18D91A41D93FAFF00971036 /* Frameworks */ = {
			isa = PBXGroup;
			children = (
				F18D91A51D93FAFF00971036 /* UserNotifications.framework */,
				F18D91A71D93FAFF00971036 /* UserNotificationsUI.framework */,
			);
			name = Frameworks;
			sourceTree = "<group>";
		};
		F18D91A91D93FAFF00971036 /* NotificationContent */ = {
			isa = PBXGroup;
			children = (
				F18D91AA1D93FAFF00971036 /* NotificationViewController.swift */,
				F18D91AC1D93FAFF00971036 /* MainInterface.storyboard */,
				F18D91AF1D93FAFF00971036 /* Info.plist */,
			);
			path = NotificationContent;
			sourceTree = "<group>";
		};
/* End PBXGroup section */

/* Begin PBXNativeTarget section */
		F18D917A1D938F3D00971036 /* NotificationSampleiOS10 */ = {
			isa = PBXNativeTarget;
			buildConfigurationList = F18D918D1D938F3D00971036 /* Build configuration list for PBXNativeTarget "NotificationSampleiOS10" */;
			buildPhases = (
				F18D91771D938F3D00971036 /* Sources */,
				F18D91781D938F3D00971036 /* Frameworks */,
				F18D91791D938F3D00971036 /* Resources */,
				F18D91B61D93FAFF00971036 /* Embed App Extensions */,
			);
			buildRules = (
			);
			dependencies = (
				F18D91B11D93FAFF00971036 /* PBXTargetDependency */,
			);
			name = NotificationSampleiOS10;
			productName = NotificationSampleiOS10;
			productReference = F18D917B1D938F3D00971036 /* NotificationSampleiOS10.app */;
			productType = "com.apple.product-type.application";
		};
		F18D91A21D93FAFF00971036 /* NotificationContent */ = {
			isa = PBXNativeTarget;
			buildConfigurationList = F18D91B31D93FAFF00971036 /* Build configuration list for PBXNativeTarget "NotificationContent" */;
			buildPhases = (
				F18D919F1D93FAFF00971036 /* Sources */,
				F18D91A01D93FAFF00971036 /* Frameworks */,
				F18D91A11D93FAFF00971036 /* Resources */,
			);
			buildRules = (
			);
			dependencies = (
			);
			name = NotificationContent;
			productName = NotificationContent;
			productReference = F18D91A31D93FAFF00971036 /* NotificationContent.appex */;
			productType = "com.apple.product-type.app-extension";
		};
/* End PBXNativeTarget section */

/* Begin PBXProject section */
		F18D91731D938F3D00971036 /* Project object */ = {
			isa = PBXProject;
			attributes = {
				LastSwiftUpdateCheck = 0800;
				LastUpgradeCheck = 0800;
				ORGANIZATIONNAME = jinfeng.du;
				TargetAttributes = {
					F18D917A1D938F3D00971036 = {
						CreatedOnToolsVersion = 8.0;
						ProvisioningStyle = Automatic;
					};
					F18D91A21D93FAFF00971036 = {
						CreatedOnToolsVersion = 8.0;
						ProvisioningStyle = Automatic;
					};
				};
			};
			buildConfigurationList = F18D91761D938F3D00971036 /* Build configuration list for PBXProject "NotificationSampleiOS10" */;
			compatibilityVersion = "Xcode 3.2";
			developmentRegion = English;
			hasScannedForEncodings = 0;
			knownRegions = (
				en,
				Base,
			);
			mainGroup = F18D91721D938F3D00971036;
			productRefGroup = F18D917C1D938F3D00971036 /* Products */;
			projectDirPath = "";
			projectRoot = "";
			targets = (
				F18D917A1D938F3D00971036 /* NotificationSampleiOS10 */,
				F18D91A21D93FAFF00971036 /* NotificationContent */,
			);
		};
/* End PBXProject section */

/* Begin PBXResourcesBuildPhase section */
		F18D91791D938F3D00971036 /* Resources */ = {
			isa = PBXResourcesBuildPhase;
			buildActionMask = 2147483647;
			files = (
				F18D91961D93E4DA00971036 /* name.jpg in Resources */,
				F18D91891D938F3D00971036 /* LaunchScreen.storyboard in Resources */,
				F18D91861D938F3D00971036 /* Assets.xcassets in Resources */,
				F18D91841D938F3D00971036 /* Main.storyboard in Resources */,
				F18D91CC1D94009D00971036 /* image.jpg in Resources */,
			);
			runOnlyForDeploymentPostprocessing = 0;
		};
		F18D91A11D93FAFF00971036 /* Resources */ = {
			isa = PBXResourcesBuildPhase;
			buildActionMask = 2147483647;
			files = (
				F18D91AE1D93FAFF00971036 /* MainInterface.storyboard in Resources */,
			);
			runOnlyForDeploymentPostprocessing = 0;
		};
/* End PBXResourcesBuildPhase section */

/* Begin PBXSourcesBuildPhase section */
		F18D91771D938F3D00971036 /* Sources */ = {
			isa = PBXSourcesBuildPhase;
			buildActionMask = 2147483647;
			files = (
				F18D91811D938F3D00971036 /* ViewController.swift in Sources */,
				F18D917F1D938F3D00971036 /* AppDelegate.swift in Sources */,
				F18D91921D93DBDA00971036 /* UIAlertControllerExtension.swift in Sources */,
			);
			runOnlyForDeploymentPostprocessing = 0;
		};
		F18D919F1D93FAFF00971036 /* Sources */ = {
			isa = PBXSourcesBuildPhase;
			buildActionMask = 2147483647;
			files = (
				F18D91AB1D93FAFF00971036 /* NotificationViewController.swift in Sources */,
			);
			runOnlyForDeploymentPostprocessing = 0;
		};
/* End PBXSourcesBuildPhase section */

/* Begin PBXTargetDependency section */
		F18D91B11D93FAFF00971036 /* PBXTargetDependency */ = {
			isa = PBXTargetDependency;
			target = F18D91A21D93FAFF00971036 /* NotificationContent */;
			targetProxy = F18D91B01D93FAFF00971036 /* PBXContainerItemProxy */;
		};
/* End PBXTargetDependency section */

/* Begin PBXVariantGroup section */
		F18D91821D938F3D00971036 /* Main.storyboard */ = {
			isa = PBXVariantGroup;
			children = (
				F18D91831D938F3D00971036 /* Base */,
			);
			name = Main.storyboard;
			sourceTree = "<group>";
		};
		F18D91871D938F3D00971036 /* LaunchScreen.storyboard */ = {
			isa = PBXVariantGroup;
			children = (
				F18D91881D938F3D00971036 /* Base */,
			);
			name = LaunchScreen.storyboard;
			sourceTree = "<group>";
		};
		F18D91AC1D93FAFF00971036 /* MainInterface.storyboard */ = {
			isa = PBXVariantGroup;
			children = (
				F18D91AD1D93FAFF00971036 /* Base */,
			);
			name = MainInterface.storyboard;
			sourceTree = "<group>";
		};
/* End PBXVariantGroup section */

/* Begin XCBuildConfiguration section */
		F18D918B1D938F3D00971036 /* Debug */ = {
			isa = XCBuildConfiguration;
			buildSettings = {
				ALWAYS_SEARCH_USER_PATHS = NO;
				CLANG_ANALYZER_NONNULL = YES;
				CLANG_CXX_LANGUAGE_STANDARD = "gnu++0x";
				CLANG_CXX_LIBRARY = "libc++";
				CLANG_ENABLE_MODULES = YES;
				CLANG_ENABLE_OBJC_ARC = YES;
				CLANG_WARN_BOOL_CONVERSION = YES;
				CLANG_WARN_CONSTANT_CONVERSION = YES;
				CLANG_WARN_DIRECT_OBJC_ISA_USAGE = YES_ERROR;
				CLANG_WARN_DOCUMENTATION_COMMENTS = YES;
				CLANG_WARN_EMPTY_BODY = YES;
				CLANG_WARN_ENUM_CONVERSION = YES;
				CLANG_WARN_INFINITE_RECURSION = YES;
				CLANG_WARN_INT_CONVERSION = YES;
				CLANG_WARN_OBJC_ROOT_CLASS = YES_ERROR;
				CLANG_WARN_SUSPICIOUS_MOVES = YES;
				CLANG_WARN_UNREACHABLE_CODE = YES;
				CLANG_WARN__DUPLICATE_METHOD_MATCH = YES;
				"CODE_SIGN_IDENTITY[sdk=iphoneos*]" = "iPhone Developer";
				COPY_PHASE_STRIP = NO;
				DEBUG_INFORMATION_FORMAT = dwarf;
				ENABLE_STRICT_OBJC_MSGSEND = YES;
				ENABLE_TESTABILITY = YES;
				GCC_C_LANGUAGE_STANDARD = gnu99;
				GCC_DYNAMIC_NO_PIC = NO;
				GCC_NO_COMMON_BLOCKS = YES;
				GCC_OPTIMIZATION_LEVEL = 0;
				GCC_PREPROCESSOR_DEFINITIONS = (
					"DEBUG=1",
					"$(inherited)",
				);
				GCC_WARN_64_TO_32_BIT_CONVERSION = YES;
				GCC_WARN_ABOUT_RETURN_TYPE = YES_ERROR;
				GCC_WARN_UNDECLARED_SELECTOR = YES;
				GCC_WARN_UNINITIALIZED_AUTOS = YES_AGGRESSIVE;
				GCC_WARN_UNUSED_FUNCTION = YES;
				GCC_WARN_UNUSED_VARIABLE = YES;
				IPHONEOS_DEPLOYMENT_TARGET = 10.0;
				MTL_ENABLE_DEBUG_INFO = YES;
				ONLY_ACTIVE_ARCH = YES;
				SDKROOT = iphoneos;
				SWIFT_ACTIVE_COMPILATION_CONDITIONS = DEBUG;
				SWIFT_OPTIMIZATION_LEVEL = "-Onone";
			};
			name = Debug;
		};
		F18D918C1D938F3D00971036 /* Release */ = {
			isa = XCBuildConfiguration;
			buildSettings = {
				ALWAYS_SEARCH_USER_PATHS = NO;
				CLANG_ANALYZER_NONNULL = YES;
				CLANG_CXX_LANGUAGE_STANDARD = "gnu++0x";
				CLANG_CXX_LIBRARY = "libc++";
				CLANG_ENABLE_MODULES = YES;
				CLANG_ENABLE_OBJC_ARC = YES;
				CLANG_WARN_BOOL_CONVERSION = YES;
				CLANG_WARN_CONSTANT_CONVERSION = YES;
				CLANG_WARN_DIRECT_OBJC_ISA_USAGE = YES_ERROR;
				CLANG_WARN_DOCUMENTATION_COMMENTS = YES;
				CLANG_WARN_EMPTY_BODY = YES;
				CLANG_WARN_ENUM_CONVERSION = YES;
				CLANG_WARN_INFINITE_RECURSION = YES;
				CLANG_WARN_INT_CONVERSION = YES;
				CLANG_WARN_OBJC_ROOT_CLASS = YES_ERROR;
				CLANG_WARN_SUSPICIOUS_MOVES = YES;
				CLANG_WARN_UNREACHABLE_CODE = YES;
				CLANG_WARN__DUPLICATE_METHOD_MATCH = YES;
				"CODE_SIGN_IDENTITY[sdk=iphoneos*]" = "iPhone Developer";
				COPY_PHASE_STRIP = NO;
				DEBUG_INFORMATION_FORMAT = "dwarf-with-dsym";
				ENABLE_NS_ASSERTIONS = NO;
				ENABLE_STRICT_OBJC_MSGSEND = YES;
				GCC_C_LANGUAGE_STANDARD = gnu99;
				GCC_NO_COMMON_BLOCKS = YES;
				GCC_WARN_64_TO_32_BIT_CONVERSION = YES;
				GCC_WARN_ABOUT_RETURN_TYPE = YES_ERROR;
				GCC_WARN_UNDECLARED_SELECTOR = YES;
				GCC_WARN_UNINITIALIZED_AUTOS = YES_AGGRESSIVE;
				GCC_WARN_UNUSED_FUNCTION = YES;
				GCC_WARN_UNUSED_VARIABLE = YES;
				IPHONEOS_DEPLOYMENT_TARGET = 10.0;
				MTL_ENABLE_DEBUG_INFO = NO;
				SDKROOT = iphoneos;
				SWIFT_OPTIMIZATION_LEVEL = "-Owholemodule";
				VALIDATE_PRODUCT = YES;
			};
			name = Release;
		};
		F18D918E1D938F3D00971036 /* Debug */ = {
			isa = XCBuildConfiguration;
			buildSettings = {
				ALWAYS_EMBED_SWIFT_STANDARD_LIBRARIES = YES;
				ASSETCATALOG_COMPILER_APPICON_NAME = AppIcon;
				INFOPLIST_FILE = NotificationSampleiOS10/Info.plist;
				LD_RUNPATH_SEARCH_PATHS = "$(inherited) @executable_path/Frameworks";
				PRODUCT_BUNDLE_IDENTIFIER = com.qunar.NotificationSampleiOS10;
				PRODUCT_NAME = "$(TARGET_NAME)";
				SWIFT_VERSION = 3.0;
			};
			name = Debug;
		};
		F18D918F1D938F3D00971036 /* Release */ = {
			isa = XCBuildConfiguration;
			buildSettings = {
				ALWAYS_EMBED_SWIFT_STANDARD_LIBRARIES = YES;
				ASSETCATALOG_COMPILER_APPICON_NAME = AppIcon;
				INFOPLIST_FILE = NotificationSampleiOS10/Info.plist;
				LD_RUNPATH_SEARCH_PATHS = "$(inherited) @executable_path/Frameworks";
				PRODUCT_BUNDLE_IDENTIFIER = com.qunar.NotificationSampleiOS10;
				PRODUCT_NAME = "$(TARGET_NAME)";
				SWIFT_VERSION = 3.0;
			};
			name = Release;
		};
		F18D91B41D93FAFF00971036 /* Debug */ = {
			isa = XCBuildConfiguration;
			buildSettings = {
				INFOPLIST_FILE = NotificationContent/Info.plist;
				LD_RUNPATH_SEARCH_PATHS = "$(inherited) @executable_path/Frameworks @executable_path/../../Frameworks";
				PRODUCT_BUNDLE_IDENTIFIER = com.qunar.NotificationSampleiOS10.NotificationContent;
				PRODUCT_NAME = "$(TARGET_NAME)";
				SKIP_INSTALL = YES;
				SWIFT_VERSION = 3.0;
			};
			name = Debug;
		};
		F18D91B51D93FAFF00971036 /* Release */ = {
			isa = XCBuildConfiguration;
			buildSettings = {
				INFOPLIST_FILE = NotificationContent/Info.plist;
				LD_RUNPATH_SEARCH_PATHS = "$(inherited) @executable_path/Frameworks @executable_path/../../Frameworks";
				PRODUCT_BUNDLE_IDENTIFIER = com.qunar.NotificationSampleiOS10.NotificationContent;
				PRODUCT_NAME = "$(TARGET_NAME)";
				SKIP_INSTALL = YES;
				SWIFT_VERSION = 3.0;
			};
			name = Release;
		};
/* End XCBuildConfiguration section */

/* Begin XCConfigurationList section */
		F18D91761D938F3D00971036 /* Build configuration list for PBXProject "NotificationSampleiOS10" */ = {
			isa = XCConfigurationList;
			buildConfigurations = (
				F18D918B1D938F3D00971036 /* Debug */,
				F18D918C1D938F3D00971036 /* Release */,
			);
			defaultConfigurationIsVisible = 0;
			defaultConfigurationName = Release;
		};
		F18D918D1D938F3D00971036 /* Build configuration list for PBXNativeTarget "NotificationSampleiOS10" */ = {
			isa = XCConfigurationList;
			buildConfigurations = (
				F18D918E1D938F3D00971036 /* Debug */,
				F18D918F1D938F3D00971036 /* Release */,
			);
			defaultConfigurationIsVisible = 0;
		};
		F18D91B31D93FAFF00971036 /* Build configuration list for PBXNativeTarget "NotificationContent" */ = {
			isa = XCConfigurationList;
			buildConfigurations = (
				F18D91B41D93FAFF00971036 /* Debug */,
				F18D91B51D93FAFF00971036 /* Release */,
			);
			defaultConfigurationIsVisible = 0;
		};
/* End XCConfigurationList section */
	};
	rootObject = F18D91731D938F3D00971036 /* Project object */;
}
